
Microsoft Visual Studio Solution File, Format Version 12.00
# Visual Studio Version 17
VisualStudioVersion = 17.1.32210.238
MinimumVisualStudioVersion = 10.0.40219.1
Project("{FAE04EC0-301F-11D3-BF4B-00C04F79EFBC}") = "Assignment_3_4", "Assignment_3_4\Assignment_3_4.csproj", "{4DFB582B-FD23-4966-B534-E6F0056CBC0E}"
EndProject
Global
	GlobalSection(SolutionConfigurationPlatforms) = preSolution
		Debug|Any CPU = Debug|Any CPU
		Release|Any CPU = Release|Any CPU
	EndGlobalSection
	GlobalSection(ProjectConfigurationPlatforms) = postSolution
		{4DFB582B-FD23-4966-B534-E6F0056CBC0E}.Debug|Any CPU.ActiveCfg = Debug|Any CPU
		{4DFB582B-FD23-4966-B534-E6F0056CBC0E}.Debug|Any CPU.Build.0 = Debug|Any CPU
		{4DFB582B-FD23-4966-B534-E6F0056CBC0E}.Release|Any CPU.ActiveCfg = Release|Any CPU
		{4DFB582B-FD23-4966-B534-E6F0056CBC0E}.Release|Any CPU.Build.0 = Release|Any CPU
	EndGlobalSection
	GlobalSection(SolutionProperties) = preSolution
		HideSolutionNode = FALSE
	EndGlobalSection
	GlobalSection(ExtensibilityGlobals) = postSolution
		SolutionGuid = {FCBF79E2-10F2-490A-8083-4BDF66F96A85}
	EndGlobalSection
EndGlobal
