
Microsoft Visual Studio Solution File, Format Version 12.00
# Visual Studio Version 17
VisualStudioVersion = 17.1.32210.238
MinimumVisualStudioVersion = 10.0.40219.1
Project("{FAE04EC0-301F-11D3-BF4B-00C04F79EFBC}") = "Assignment_4_5", "Assignment_4_5\Assignment_4_5.csproj", "{B1B163C0-BCD1-468B-B68C-F7EA74DBF025}"
EndProject
Global
	GlobalSection(SolutionConfigurationPlatforms) = preSolution
		Debug|Any CPU = Debug|Any CPU
		Release|Any CPU = Release|Any CPU
	EndGlobalSection
	GlobalSection(ProjectConfigurationPlatforms) = postSolution
		{B1B163C0-BCD1-468B-B68C-F7EA74DBF025}.Debug|Any CPU.ActiveCfg = Debug|Any CPU
		{B1B163C0-BCD1-468B-B68C-F7EA74DBF025}.Debug|Any CPU.Build.0 = Debug|Any CPU
		{B1B163C0-BCD1-468B-B68C-F7EA74DBF025}.Release|Any CPU.ActiveCfg = Release|Any CPU
		{B1B163C0-BCD1-468B-B68C-F7EA74DBF025}.Release|Any CPU.Build.0 = Release|Any CPU
	EndGlobalSection
	GlobalSection(SolutionProperties) = preSolution
		HideSolutionNode = FALSE
	EndGlobalSection
	GlobalSection(ExtensibilityGlobals) = postSolution
		SolutionGuid = {22D63BD4-AC03-4F09-8568-AB1D9BEFD85E}
	EndGlobalSection
EndGlobal
