
Microsoft Visual Studio Solution File, Format Version 12.00
# Visual Studio Version 17
VisualStudioVersion = 17.1.32210.238
MinimumVisualStudioVersion = 10.0.40219.1
Project("{9A19103F-16F7-4668-BE54-9A1E7A4F7556}") = "Assignment_4_1_To_4_5", "Assignment_4_1\Assignment_4_1_To_4_5.csproj", "{B2F7CACD-2684-4277-B0A3-BB6F42155B9D}"
EndProject
Global
	GlobalSection(SolutionConfigurationPlatforms) = preSolution
		Debug|Any CPU = Debug|Any CPU
		Release|Any CPU = Release|Any CPU
	EndGlobalSection
	GlobalSection(ProjectConfigurationPlatforms) = postSolution
		{B2F7CACD-2684-4277-B0A3-BB6F42155B9D}.Debug|Any CPU.ActiveCfg = Debug|Any CPU
		{B2F7CACD-2684-4277-B0A3-BB6F42155B9D}.Debug|Any CPU.Build.0 = Debug|Any CPU
		{B2F7CACD-2684-4277-B0A3-BB6F42155B9D}.Release|Any CPU.ActiveCfg = Release|Any CPU
		{B2F7CACD-2684-4277-B0A3-BB6F42155B9D}.Release|Any CPU.Build.0 = Release|Any CPU
	EndGlobalSection
	GlobalSection(SolutionProperties) = preSolution
		HideSolutionNode = FALSE
	EndGlobalSection
	GlobalSection(ExtensibilityGlobals) = postSolution
		SolutionGuid = {C58B5C67-5F9E-407A-9DEA-6D05DAA5B162}
	EndGlobalSection
EndGlobal
